
Microsoft Visual Studio Solution File, Format Version 12.00
# Visual Studio Version 17
VisualStudioVersion = 17.14.37111.16 d17.14
MinimumVisualStudioVersion = 10.0.40219.1
Project("{FAE04EC0-301F-11D3-BF4B-00C04F79EFBC}") = "CarRentalSystem", "01_CarRental_Interface\CarRentalSystem.csproj", "{1B10E0E5-4D5B-0305-09E0-ABE6C1E449AF}"
EndProject
Project("{FAE04EC0-301F-11D3-BF4B-00C04F79EFBC}") = "ContractProcessing", "02_ContractProcessing_Interface\ContractProcessing.csproj", "{154E4A97-426B-D857-26F3-83570C3DD9B8}"
EndProject
Project("{FAE04EC0-301F-11D3-BF4B-00C04F79EFBC}") = "CSharpStudies", "CSharpStudies\CSharpStudies.csproj", "{96907AA2-737A-4FEF-BEFF-50D635715C59}"
EndProject
Global
	GlobalSection(SolutionConfigurationPlatforms) = preSolution
		Debug|Any CPU = Debug|Any CPU
		Release|Any CPU = Release|Any CPU
	EndGlobalSection
	GlobalSection(ProjectConfigurationPlatforms) = postSolution
		{1B10E0E5-4D5B-0305-09E0-ABE6C1E449AF}.Debug|Any CPU.ActiveCfg = Debug|Any CPU
		{1B10E0E5-4D5B-0305-09E0-ABE6C1E449AF}.Debug|Any CPU.Build.0 = Debug|Any CPU
		{1B10E0E5-4D5B-0305-09E0-ABE6C1E449AF}.Release|Any CPU.ActiveCfg = Release|Any CPU
		{1B10E0E5-4D5B-0305-09E0-ABE6C1E449AF}.Release|Any CPU.Build.0 = Release|Any CPU
		{154E4A97-426B-D857-26F3-83570C3DD9B8}.Debug|Any CPU.ActiveCfg = Debug|Any CPU
		{154E4A97-426B-D857-26F3-83570C3DD9B8}.Debug|Any CPU.Build.0 = Debug|Any CPU
		{154E4A97-426B-D857-26F3-83570C3DD9B8}.Release|Any CPU.ActiveCfg = Release|Any CPU
		{154E4A97-426B-D857-26F3-83570C3DD9B8}.Release|Any CPU.Build.0 = Release|Any CPU
		{96907AA2-737A-4FEF-BEFF-50D635715C59}.Debug|Any CPU.ActiveCfg = Debug|Any CPU
		{96907AA2-737A-4FEF-BEFF-50D635715C59}.Debug|Any CPU.Build.0 = Debug|Any CPU
		{96907AA2-737A-4FEF-BEFF-50D635715C59}.Release|Any CPU.ActiveCfg = Release|Any CPU
		{96907AA2-737A-4FEF-BEFF-50D635715C59}.Release|Any CPU.Build.0 = Release|Any CPU
	EndGlobalSection
	GlobalSection(SolutionProperties) = preSolution
		HideSolutionNode = FALSE
	EndGlobalSection
	GlobalSection(ExtensibilityGlobals) = postSolution
		SolutionGuid = {DD218F4A-D3C8-4135-86CA-C1C918C50463}
	EndGlobalSection
EndGlobal
